<?xml version="1.0" encoding="utf-8"?>
<Project ToolsVersion="4.0" xmlns="http://schemas.microsoft.com/developer/msbuild/2003">
  <ItemGroup>
    <Filter Include="ソース ファイル">
      <UniqueIdentifier>{4FC737F1-C7A5-4376-A066-2A32D752A2FF}</UniqueIdentifier>
      <Extensions>cpp;c;cc;cxx;c++;cppm;ixx;def;odl;idl;hpj;bat;asm;asmx</Extensions>
    </Filter>
    <Filter Include="ヘッダー ファイル">
      <UniqueIdentifier>{93995380-89BD-4b04-88EB-625FBE52EBFB}</UniqueIdentifier>
      <Extensions>h;hh;hpp;hxx;h++;hm;inl;inc;ipp;xsd</Extensions>
    </Filter>
    <Filter Include="リソース ファイル">
      <UniqueIdentifier>{67DA6AB6-F800-4c08-8B7A-83BB121AAD01}</UniqueIdentifier>
      <Extensions>rc;ico;cur;bmp;dlg;rc2;rct;bin;rgs;gif;jpg;jpeg;jpe;resx;tiff;tif;png;wav;mfcribbon-ms</Extensions>
    </Filter>
    <Filter Include="LogSystem">
      <UniqueIdentifier>{3e5c44c6-f70e-4d48-a123-04f6e8e4a35b}</UniqueIdentifier>
    </Filter>
  </ItemGroup>
  <ItemGroup>
    <ClInclude Include="..\LogSystem\LogBuilder.h">
      <Filter>LogSystem</Filter>
    </ClInclude>
    <ClInclude Include="..\LogSystem\LogFormatterBase.h">
      <Filter>LogSystem</Filter>
    </ClInclude>
    <ClInclude Include="..\LogSystem\LoggerBase.h">
      <Filter>LogSystem</Filter>
    </ClInclude>
    <ClInclude Include="..\LogSystem\LoggerManager.h">
      <Filter>LogSystem</Filter>
    </ClInclude>
    <ClInclude Include="..\LogSystem\LogLevel.h">
      <Filter>LogSystem</Filter>
    </ClInclude>
    <ClInclude Include="..\LogSystem\LogRecordMap.h">
      <Filter>LogSystem</Filter>
    </ClInclude>
    <ClInclude Include="..\LogSystem\LogType.h">
      <Filter>LogSystem</Filter>
    </ClInclude>
    <ClInclude Include="..\LogSystem\LogContext.h">
      <Filter>LogSystem</Filter>
    </ClInclude>
    <ClInclude Include="..\LogSystem\ヘッダー.h">
      <Filter>LogSystem</Filter>
    </ClInclude>
  </ItemGroup>
</Project>